
Microsoft Visual Studio Solution File, Format Version 11.00
# Visual Studio 2010
Project("{FAE04EC0-301F-11D3-BF4B-00C04F79EFBC}") = "DPSF", "DPSF\DPSF.csproj", "{B0CF088B-D0AA-4E39-9DD0-0E876ACFE7D7}"
EndProject
Project("{FAE04EC0-301F-11D3-BF4B-00C04F79EFBC}") = "DPSFContent", "DPSF\Content\DPSFContent.contentproj", "{84F866AA-8F25-4CBE-98B1-FF00FC489C15}"
EndProject
Project("{FAE04EC0-301F-11D3-BF4B-00C04F79EFBC}") = "Xbox 360 Copy of DPSF", "DPSF\Xbox 360 Copy of DPSF.csproj", "{32E4536F-C7D3-4AE8-84A6-FA9E6ABED1BA}"
EndProject
Project("{FAE04EC0-301F-11D3-BF4B-00C04F79EFBC}") = "Windows Phone Copy of DPSF", "DPSF\Windows Phone Copy of DPSF.csproj", "{97299298-E3D0-4F11-B5CF-F7F5F2E4D81B}"
EndProject
Project("{FAE04EC0-301F-11D3-BF4B-00C04F79EFBC}") = "CompileEffect", "CompileEffect\CompileEffect.csproj", "{48FD88F9-F9A2-4733-BB03-5B2C2D71D136}"
EndProject
Project("{FAE04EC0-301F-11D3-BF4B-00C04F79EFBC}") = "Mono for Android Copy of DPSF", "Mono for Android Copy of DPSF\Mono for Android Copy of DPSF.csproj", "{1930FFE8-7F1D-42BA-A713-A0BAB7995BCF}"
EndProject
Project("{FAE04EC0-301F-11D3-BF4B-00C04F79EFBC}") = "DPSF Demo", "..\Installer\Installer Files\DPSF Demo\DPSF Demo\DPSF Demo\DPSF Demo.csproj", "{4FDD6876-4AC9-42B3-8DDA-D79D605569B7}"
EndProject
Project("{FAE04EC0-301F-11D3-BF4B-00C04F79EFBC}") = "Xbox 360 Copy of DPSF Demo", "..\Installer\Installer Files\DPSF Demo\DPSF Demo\DPSF Demo\Xbox 360 Copy of DPSF Demo.csproj", "{428BC283-B89B-4F47-9B4C-918F7E45BAB9}"
EndProject
Project("{FAE04EC0-301F-11D3-BF4B-00C04F79EFBC}") = "DPSF DemoContent", "..\Installer\Installer Files\DPSF Demo\DPSF Demo\DPSF DemoContent\DPSF DemoContent.contentproj", "{6B7DB3FB-62EC-46CA-A82E-4631EE94AFC0}"
EndProject
Project("{FAE04EC0-301F-11D3-BF4B-00C04F79EFBC}") = "BasicVirtualEnvironment", "..\Installer\Installer Files\DPSF Demo\BasicVirtualEnvironment\BasicVirtualEnvironment\BasicVirtualEnvironment.csproj", "{E00BCEC2-64EF-4172-AC40-BEE8A806781C}"
EndProject
Project("{FAE04EC0-301F-11D3-BF4B-00C04F79EFBC}") = "Xbox 360 Copy of BasicVirtualEnvironment", "..\Installer\Installer Files\DPSF Demo\BasicVirtualEnvironment\BasicVirtualEnvironment\Xbox 360 Copy of BasicVirtualEnvironment.csproj", "{CC35BE29-33BA-4A22-8AB6-4488805F5F9E}"
EndProject
Project("{FAE04EC0-301F-11D3-BF4B-00C04F79EFBC}") = "BasicVirtualEnvironmentContent", "..\Installer\Installer Files\DPSF Demo\BasicVirtualEnvironment\BasicVirtualEnvironmentContent\BasicVirtualEnvironmentContent.contentproj", "{2CB04B8E-49D6-47F1-A47E-6DEA00229675}"
EndProject
Project("{FAE04EC0-301F-11D3-BF4B-00C04F79EFBC}") = "DPSF Demo for Windows Phone", "..\Installer\Installer Files\DPSF Demo\DPSF Demo for Windows Phone\DPSF Demo for Windows Phone\DPSF Demo for Windows Phone.csproj", "{30E4DE64-17B4-41EE-B21F-D7AD2EF6BC39}"
EndProject
Project("{FAE04EC0-301F-11D3-BF4B-00C04F79EFBC}") = "DPSF Demo for Windows PhoneContent", "..\Installer\Installer Files\DPSF Demo\DPSF Demo for Windows Phone\DPSF Demo for Windows PhoneContent\DPSF Demo for Windows PhoneContent.contentproj", "{1C7CE49B-AAF9-486C-8EFF-D5A329CD841C}"
EndProject
Project("{FAE04EC0-301F-11D3-BF4B-00C04F79EFBC}") = "DPSF Demo for Mono for Android", "..\Installer\Installer Files\DPSF Demo\DPSF Demo for Mono for Android\DPSF Demo for Mono for Android.csproj", "{0BF3802A-C5F1-4C19-AD21-141F5C147ED2}"
	ProjectSection(ProjectDependencies) = postProject
		{30E4DE64-17B4-41EE-B21F-D7AD2EF6BC39} = {30E4DE64-17B4-41EE-B21F-D7AD2EF6BC39}
	EndProjectSection
EndProject
Project("{FAE04EC0-301F-11D3-BF4B-00C04F79EFBC}") = "Xamarin.iOS Copy of DPSF", "Xamarin.iOS Copy of DPSF\Xamarin.iOS Copy of DPSF.csproj", "{91483639-A771-413C-8DBD-A62E4748EF63}"
EndProject
Global
	GlobalSection(SolutionConfigurationPlatforms) = preSolution
		Debug|Any CPU = Debug|Any CPU
		Debug|Mixed Platforms = Debug|Mixed Platforms
		Debug|Windows Phone = Debug|Windows Phone
		Debug|x86 = Debug|x86
		Debug|Xbox 360 = Debug|Xbox 360
		Release|Any CPU = Release|Any CPU
		Release|Mixed Platforms = Release|Mixed Platforms
		Release|Windows Phone = Release|Windows Phone
		Release|x86 = Release|x86
		Release|Xbox 360 = Release|Xbox 360
	EndGlobalSection
	GlobalSection(ProjectConfigurationPlatforms) = postSolution
		{B0CF088B-D0AA-4E39-9DD0-0E876ACFE7D7}.Debug|Any CPU.ActiveCfg = Debug|x86
		{B0CF088B-D0AA-4E39-9DD0-0E876ACFE7D7}.Debug|Mixed Platforms.ActiveCfg = Debug|x86
		{B0CF088B-D0AA-4E39-9DD0-0E876ACFE7D7}.Debug|Mixed Platforms.Build.0 = Debug|x86
		{B0CF088B-D0AA-4E39-9DD0-0E876ACFE7D7}.Debug|Windows Phone.ActiveCfg = Debug|x86
		{B0CF088B-D0AA-4E39-9DD0-0E876ACFE7D7}.Debug|Windows Phone.Build.0 = Debug|x86
		{B0CF088B-D0AA-4E39-9DD0-0E876ACFE7D7}.Debug|x86.ActiveCfg = Debug|x86
		{B0CF088B-D0AA-4E39-9DD0-0E876ACFE7D7}.Debug|x86.Build.0 = Debug|x86
		{B0CF088B-D0AA-4E39-9DD0-0E876ACFE7D7}.Debug|Xbox 360.ActiveCfg = Debug|x86
		{B0CF088B-D0AA-4E39-9DD0-0E876ACFE7D7}.Debug|Xbox 360.Build.0 = Debug|x86
		{B0CF088B-D0AA-4E39-9DD0-0E876ACFE7D7}.Release|Any CPU.ActiveCfg = Release|x86
		{B0CF088B-D0AA-4E39-9DD0-0E876ACFE7D7}.Release|Mixed Platforms.ActiveCfg = Release|x86
		{B0CF088B-D0AA-4E39-9DD0-0E876ACFE7D7}.Release|Mixed Platforms.Build.0 = Release|x86
		{B0CF088B-D0AA-4E39-9DD0-0E876ACFE7D7}.Release|Windows Phone.ActiveCfg = Release|x86
		{B0CF088B-D0AA-4E39-9DD0-0E876ACFE7D7}.Release|Windows Phone.Build.0 = Release|x86
		{B0CF088B-D0AA-4E39-9DD0-0E876ACFE7D7}.Release|x86.ActiveCfg = Release|x86
		{B0CF088B-D0AA-4E39-9DD0-0E876ACFE7D7}.Release|x86.Build.0 = Release|x86
		{B0CF088B-D0AA-4E39-9DD0-0E876ACFE7D7}.Release|Xbox 360.ActiveCfg = Release|x86
		{B0CF088B-D0AA-4E39-9DD0-0E876ACFE7D7}.Release|Xbox 360.Build.0 = Release|x86
		{84F866AA-8F25-4CBE-98B1-FF00FC489C15}.Debug|Any CPU.ActiveCfg = Debug|x86
		{84F866AA-8F25-4CBE-98B1-FF00FC489C15}.Debug|Mixed Platforms.ActiveCfg = Debug|x86
		{84F866AA-8F25-4CBE-98B1-FF00FC489C15}.Debug|Windows Phone.ActiveCfg = Debug|x86
		{84F866AA-8F25-4CBE-98B1-FF00FC489C15}.Debug|x86.ActiveCfg = Debug|x86
		{84F866AA-8F25-4CBE-98B1-FF00FC489C15}.Debug|Xbox 360.ActiveCfg = Debug|x86
		{84F866AA-8F25-4CBE-98B1-FF00FC489C15}.Release|Any CPU.ActiveCfg = Release|x86
		{84F866AA-8F25-4CBE-98B1-FF00FC489C15}.Release|Mixed Platforms.ActiveCfg = Release|x86
		{84F866AA-8F25-4CBE-98B1-FF00FC489C15}.Release|Windows Phone.ActiveCfg = Release|x86
		{84F866AA-8F25-4CBE-98B1-FF00FC489C15}.Release|x86.ActiveCfg = Release|x86
		{84F866AA-8F25-4CBE-98B1-FF00FC489C15}.Release|Xbox 360.ActiveCfg = Release|x86
		{32E4536F-C7D3-4AE8-84A6-FA9E6ABED1BA}.Debug|Any CPU.ActiveCfg = Debug|Xbox 360
		{32E4536F-C7D3-4AE8-84A6-FA9E6ABED1BA}.Debug|Mixed Platforms.ActiveCfg = Debug|Xbox 360
		{32E4536F-C7D3-4AE8-84A6-FA9E6ABED1BA}.Debug|Mixed Platforms.Build.0 = Debug|Xbox 360
		{32E4536F-C7D3-4AE8-84A6-FA9E6ABED1BA}.Debug|Windows Phone.ActiveCfg = Debug|Xbox 360
		{32E4536F-C7D3-4AE8-84A6-FA9E6ABED1BA}.Debug|Windows Phone.Build.0 = Debug|Xbox 360
		{32E4536F-C7D3-4AE8-84A6-FA9E6ABED1BA}.Debug|x86.ActiveCfg = Debug|Xbox 360
		{32E4536F-C7D3-4AE8-84A6-FA9E6ABED1BA}.Debug|Xbox 360.ActiveCfg = Debug|Xbox 360
		{32E4536F-C7D3-4AE8-84A6-FA9E6ABED1BA}.Debug|Xbox 360.Build.0 = Debug|Xbox 360
		{32E4536F-C7D3-4AE8-84A6-FA9E6ABED1BA}.Release|Any CPU.ActiveCfg = Release|Xbox 360
		{32E4536F-C7D3-4AE8-84A6-FA9E6ABED1BA}.Release|Mixed Platforms.ActiveCfg = Release|Xbox 360
		{32E4536F-C7D3-4AE8-84A6-FA9E6ABED1BA}.Release|Mixed Platforms.Build.0 = Release|Xbox 360
		{32E4536F-C7D3-4AE8-84A6-FA9E6ABED1BA}.Release|Windows Phone.ActiveCfg = Release|Xbox 360
		{32E4536F-C7D3-4AE8-84A6-FA9E6ABED1BA}.Release|Windows Phone.Build.0 = Release|Xbox 360
		{32E4536F-C7D3-4AE8-84A6-FA9E6ABED1BA}.Release|x86.ActiveCfg = Release|Xbox 360
		{32E4536F-C7D3-4AE8-84A6-FA9E6ABED1BA}.Release|Xbox 360.ActiveCfg = Release|Xbox 360
		{32E4536F-C7D3-4AE8-84A6-FA9E6ABED1BA}.Release|Xbox 360.Build.0 = Release|Xbox 360
		{97299298-E3D0-4F11-B5CF-F7F5F2E4D81B}.Debug|Any CPU.ActiveCfg = Debug|Windows Phone
		{97299298-E3D0-4F11-B5CF-F7F5F2E4D81B}.Debug|Mixed Platforms.ActiveCfg = Debug|Windows Phone
		{97299298-E3D0-4F11-B5CF-F7F5F2E4D81B}.Debug|Mixed Platforms.Build.0 = Debug|Windows Phone
		{97299298-E3D0-4F11-B5CF-F7F5F2E4D81B}.Debug|Windows Phone.ActiveCfg = Debug|Windows Phone
		{97299298-E3D0-4F11-B5CF-F7F5F2E4D81B}.Debug|Windows Phone.Build.0 = Debug|Windows Phone
		{97299298-E3D0-4F11-B5CF-F7F5F2E4D81B}.Debug|x86.ActiveCfg = Debug|Windows Phone
		{97299298-E3D0-4F11-B5CF-F7F5F2E4D81B}.Debug|Xbox 360.ActiveCfg = Debug|Windows Phone
		{97299298-E3D0-4F11-B5CF-F7F5F2E4D81B}.Release|Any CPU.ActiveCfg = Release|Windows Phone
		{97299298-E3D0-4F11-B5CF-F7F5F2E4D81B}.Release|Mixed Platforms.ActiveCfg = Release|Windows Phone
		{97299298-E3D0-4F11-B5CF-F7F5F2E4D81B}.Release|Mixed Platforms.Build.0 = Release|Windows Phone
		{97299298-E3D0-4F11-B5CF-F7F5F2E4D81B}.Release|Windows Phone.ActiveCfg = Release|Windows Phone
		{97299298-E3D0-4F11-B5CF-F7F5F2E4D81B}.Release|Windows Phone.Build.0 = Release|Windows Phone
		{97299298-E3D0-4F11-B5CF-F7F5F2E4D81B}.Release|x86.ActiveCfg = Release|Windows Phone
		{97299298-E3D0-4F11-B5CF-F7F5F2E4D81B}.Release|Xbox 360.ActiveCfg = Release|Windows Phone
		{48FD88F9-F9A2-4733-BB03-5B2C2D71D136}.Debug|Any CPU.ActiveCfg = Debug|x86
		{48FD88F9-F9A2-4733-BB03-5B2C2D71D136}.Debug|Mixed Platforms.ActiveCfg = Debug|x86
		{48FD88F9-F9A2-4733-BB03-5B2C2D71D136}.Debug|Mixed Platforms.Build.0 = Debug|x86
		{48FD88F9-F9A2-4733-BB03-5B2C2D71D136}.Debug|Windows Phone.ActiveCfg = Debug|x86
		{48FD88F9-F9A2-4733-BB03-5B2C2D71D136}.Debug|x86.ActiveCfg = Debug|x86
		{48FD88F9-F9A2-4733-BB03-5B2C2D71D136}.Debug|x86.Build.0 = Debug|x86
		{48FD88F9-F9A2-4733-BB03-5B2C2D71D136}.Debug|Xbox 360.ActiveCfg = Debug|x86
		{48FD88F9-F9A2-4733-BB03-5B2C2D71D136}.Release|Any CPU.ActiveCfg = Release|x86
		{48FD88F9-F9A2-4733-BB03-5B2C2D71D136}.Release|Mixed Platforms.ActiveCfg = Release|x86
		{48FD88F9-F9A2-4733-BB03-5B2C2D71D136}.Release|Mixed Platforms.Build.0 = Release|x86
		{48FD88F9-F9A2-4733-BB03-5B2C2D71D136}.Release|Windows Phone.ActiveCfg = Release|x86
		{48FD88F9-F9A2-4733-BB03-5B2C2D71D136}.Release|x86.ActiveCfg = Release|x86
		{48FD88F9-F9A2-4733-BB03-5B2C2D71D136}.Release|x86.Build.0 = Release|x86
		{48FD88F9-F9A2-4733-BB03-5B2C2D71D136}.Release|Xbox 360.ActiveCfg = Release|x86
		{1930FFE8-7F1D-42BA-A713-A0BAB7995BCF}.Debug|Any CPU.ActiveCfg = Debug|Any CPU
		{1930FFE8-7F1D-42BA-A713-A0BAB7995BCF}.Debug|Any CPU.Build.0 = Debug|Any CPU
		{1930FFE8-7F1D-42BA-A713-A0BAB7995BCF}.Debug|Mixed Platforms.ActiveCfg = Debug|Any CPU
		{1930FFE8-7F1D-42BA-A713-A0BAB7995BCF}.Debug|Mixed Platforms.Build.0 = Debug|Any CPU
		{1930FFE8-7F1D-42BA-A713-A0BAB7995BCF}.Debug|Windows Phone.ActiveCfg = Debug|Any CPU
		{1930FFE8-7F1D-42BA-A713-A0BAB7995BCF}.Debug|x86.ActiveCfg = Debug|Any CPU
		{1930FFE8-7F1D-42BA-A713-A0BAB7995BCF}.Debug|Xbox 360.ActiveCfg = Debug|Any CPU
		{1930FFE8-7F1D-42BA-A713-A0BAB7995BCF}.Release|Any CPU.ActiveCfg = Release|Any CPU
		{1930FFE8-7F1D-42BA-A713-A0BAB7995BCF}.Release|Any CPU.Build.0 = Release|Any CPU
		{1930FFE8-7F1D-42BA-A713-A0BAB7995BCF}.Release|Mixed Platforms.ActiveCfg = Release|Any CPU
		{1930FFE8-7F1D-42BA-A713-A0BAB7995BCF}.Release|Mixed Platforms.Build.0 = Release|Any CPU
		{1930FFE8-7F1D-42BA-A713-A0BAB7995BCF}.Release|Windows Phone.ActiveCfg = Release|Any CPU
		{1930FFE8-7F1D-42BA-A713-A0BAB7995BCF}.Release|x86.ActiveCfg = Release|Any CPU
		{1930FFE8-7F1D-42BA-A713-A0BAB7995BCF}.Release|Xbox 360.ActiveCfg = Release|Any CPU
		{4FDD6876-4AC9-42B3-8DDA-D79D605569B7}.Debug|Any CPU.ActiveCfg = Debug|x86
		{4FDD6876-4AC9-42B3-8DDA-D79D605569B7}.Debug|Mixed Platforms.ActiveCfg = Debug|x86
		{4FDD6876-4AC9-42B3-8DDA-D79D605569B7}.Debug|Mixed Platforms.Build.0 = Debug|x86
		{4FDD6876-4AC9-42B3-8DDA-D79D605569B7}.Debug|Windows Phone.ActiveCfg = Debug|x86
		{4FDD6876-4AC9-42B3-8DDA-D79D605569B7}.Debug|x86.ActiveCfg = Debug|x86
		{4FDD6876-4AC9-42B3-8DDA-D79D605569B7}.Debug|x86.Build.0 = Debug|x86
		{4FDD6876-4AC9-42B3-8DDA-D79D605569B7}.Debug|Xbox 360.ActiveCfg = Debug|x86
		{4FDD6876-4AC9-42B3-8DDA-D79D605569B7}.Release|Any CPU.ActiveCfg = Release|x86
		{4FDD6876-4AC9-42B3-8DDA-D79D605569B7}.Release|Mixed Platforms.ActiveCfg = Release|x86
		{4FDD6876-4AC9-42B3-8DDA-D79D605569B7}.Release|Mixed Platforms.Build.0 = Release|x86
		{4FDD6876-4AC9-42B3-8DDA-D79D605569B7}.Release|Windows Phone.ActiveCfg = Release|x86
		{4FDD6876-4AC9-42B3-8DDA-D79D605569B7}.Release|x86.ActiveCfg = Release|x86
		{4FDD6876-4AC9-42B3-8DDA-D79D605569B7}.Release|x86.Build.0 = Release|x86
		{4FDD6876-4AC9-42B3-8DDA-D79D605569B7}.Release|Xbox 360.ActiveCfg = Release|x86
		{428BC283-B89B-4F47-9B4C-918F7E45BAB9}.Debug|Any CPU.ActiveCfg = Debug|Xbox 360
		{428BC283-B89B-4F47-9B4C-918F7E45BAB9}.Debug|Mixed Platforms.ActiveCfg = Debug|Xbox 360
		{428BC283-B89B-4F47-9B4C-918F7E45BAB9}.Debug|Mixed Platforms.Build.0 = Debug|Xbox 360
		{428BC283-B89B-4F47-9B4C-918F7E45BAB9}.Debug|Windows Phone.ActiveCfg = Debug|Xbox 360
		{428BC283-B89B-4F47-9B4C-918F7E45BAB9}.Debug|x86.ActiveCfg = Debug|Xbox 360
		{428BC283-B89B-4F47-9B4C-918F7E45BAB9}.Debug|Xbox 360.ActiveCfg = Debug|Xbox 360
		{428BC283-B89B-4F47-9B4C-918F7E45BAB9}.Debug|Xbox 360.Build.0 = Debug|Xbox 360
		{428BC283-B89B-4F47-9B4C-918F7E45BAB9}.Debug|Xbox 360.Deploy.0 = Debug|Xbox 360
		{428BC283-B89B-4F47-9B4C-918F7E45BAB9}.Release|Any CPU.ActiveCfg = Release|Xbox 360
		{428BC283-B89B-4F47-9B4C-918F7E45BAB9}.Release|Mixed Platforms.ActiveCfg = Release|Xbox 360
		{428BC283-B89B-4F47-9B4C-918F7E45BAB9}.Release|Mixed Platforms.Build.0 = Release|Xbox 360
		{428BC283-B89B-4F47-9B4C-918F7E45BAB9}.Release|Windows Phone.ActiveCfg = Release|Xbox 360
		{428BC283-B89B-4F47-9B4C-918F7E45BAB9}.Release|x86.ActiveCfg = Release|Xbox 360
		{428BC283-B89B-4F47-9B4C-918F7E45BAB9}.Release|Xbox 360.ActiveCfg = Release|Xbox 360
		{428BC283-B89B-4F47-9B4C-918F7E45BAB9}.Release|Xbox 360.Build.0 = Release|Xbox 360
		{428BC283-B89B-4F47-9B4C-918F7E45BAB9}.Release|Xbox 360.Deploy.0 = Release|Xbox 360
		{6B7DB3FB-62EC-46CA-A82E-4631EE94AFC0}.Debug|Any CPU.ActiveCfg = Debug|x86
		{6B7DB3FB-62EC-46CA-A82E-4631EE94AFC0}.Debug|Mixed Platforms.ActiveCfg = Debug|x86
		{6B7DB3FB-62EC-46CA-A82E-4631EE94AFC0}.Debug|Windows Phone.ActiveCfg = Debug|x86
		{6B7DB3FB-62EC-46CA-A82E-4631EE94AFC0}.Debug|x86.ActiveCfg = Debug|x86
		{6B7DB3FB-62EC-46CA-A82E-4631EE94AFC0}.Debug|Xbox 360.ActiveCfg = Debug|x86
		{6B7DB3FB-62EC-46CA-A82E-4631EE94AFC0}.Release|Any CPU.ActiveCfg = Release|x86
		{6B7DB3FB-62EC-46CA-A82E-4631EE94AFC0}.Release|Mixed Platforms.ActiveCfg = Release|x86
		{6B7DB3FB-62EC-46CA-A82E-4631EE94AFC0}.Release|Windows Phone.ActiveCfg = Release|x86
		{6B7DB3FB-62EC-46CA-A82E-4631EE94AFC0}.Release|x86.ActiveCfg = Release|x86
		{6B7DB3FB-62EC-46CA-A82E-4631EE94AFC0}.Release|Xbox 360.ActiveCfg = Release|x86
		{E00BCEC2-64EF-4172-AC40-BEE8A806781C}.Debug|Any CPU.ActiveCfg = Debug|x86
		{E00BCEC2-64EF-4172-AC40-BEE8A806781C}.Debug|Mixed Platforms.ActiveCfg = Debug|x86
		{E00BCEC2-64EF-4172-AC40-BEE8A806781C}.Debug|Mixed Platforms.Build.0 = Debug|x86
		{E00BCEC2-64EF-4172-AC40-BEE8A806781C}.Debug|Windows Phone.ActiveCfg = Debug|x86
		{E00BCEC2-64EF-4172-AC40-BEE8A806781C}.Debug|x86.ActiveCfg = Debug|x86
		{E00BCEC2-64EF-4172-AC40-BEE8A806781C}.Debug|x86.Build.0 = Debug|x86
		{E00BCEC2-64EF-4172-AC40-BEE8A806781C}.Debug|Xbox 360.ActiveCfg = Debug|x86
		{E00BCEC2-64EF-4172-AC40-BEE8A806781C}.Release|Any CPU.ActiveCfg = Release|x86
		{E00BCEC2-64EF-4172-AC40-BEE8A806781C}.Release|Mixed Platforms.ActiveCfg = Release|x86
		{E00BCEC2-64EF-4172-AC40-BEE8A806781C}.Release|Mixed Platforms.Build.0 = Release|x86
		{E00BCEC2-64EF-4172-AC40-BEE8A806781C}.Release|Windows Phone.ActiveCfg = Release|x86
		{E00BCEC2-64EF-4172-AC40-BEE8A806781C}.Release|x86.ActiveCfg = Release|x86
		{E00BCEC2-64EF-4172-AC40-BEE8A806781C}.Release|x86.Build.0 = Release|x86
		{E00BCEC2-64EF-4172-AC40-BEE8A806781C}.Release|Xbox 360.ActiveCfg = Release|x86
		{CC35BE29-33BA-4A22-8AB6-4488805F5F9E}.Debug|Any CPU.ActiveCfg = Debug|Xbox 360
		{CC35BE29-33BA-4A22-8AB6-4488805F5F9E}.Debug|Mixed Platforms.ActiveCfg = Debug|Xbox 360
		{CC35BE29-33BA-4A22-8AB6-4488805F5F9E}.Debug|Mixed Platforms.Build.0 = Debug|Xbox 360
		{CC35BE29-33BA-4A22-8AB6-4488805F5F9E}.Debug|Windows Phone.ActiveCfg = Debug|Xbox 360
		{CC35BE29-33BA-4A22-8AB6-4488805F5F9E}.Debug|x86.ActiveCfg = Debug|Xbox 360
		{CC35BE29-33BA-4A22-8AB6-4488805F5F9E}.Debug|Xbox 360.ActiveCfg = Debug|Xbox 360
		{CC35BE29-33BA-4A22-8AB6-4488805F5F9E}.Debug|Xbox 360.Build.0 = Debug|Xbox 360
		{CC35BE29-33BA-4A22-8AB6-4488805F5F9E}.Debug|Xbox 360.Deploy.0 = Debug|Xbox 360
		{CC35BE29-33BA-4A22-8AB6-4488805F5F9E}.Release|Any CPU.ActiveCfg = Release|Xbox 360
		{CC35BE29-33BA-4A22-8AB6-4488805F5F9E}.Release|Mixed Platforms.ActiveCfg = Release|Xbox 360
		{CC35BE29-33BA-4A22-8AB6-4488805F5F9E}.Release|Mixed Platforms.Build.0 = Release|Xbox 360
		{CC35BE29-33BA-4A22-8AB6-4488805F5F9E}.Release|Windows Phone.ActiveCfg = Release|Xbox 360
		{CC35BE29-33BA-4A22-8AB6-4488805F5F9E}.Release|x86.ActiveCfg = Release|Xbox 360
		{CC35BE29-33BA-4A22-8AB6-4488805F5F9E}.Release|Xbox 360.ActiveCfg = Release|Xbox 360
		{CC35BE29-33BA-4A22-8AB6-4488805F5F9E}.Release|Xbox 360.Build.0 = Release|Xbox 360
		{CC35BE29-33BA-4A22-8AB6-4488805F5F9E}.Release|Xbox 360.Deploy.0 = Release|Xbox 360
		{2CB04B8E-49D6-47F1-A47E-6DEA00229675}.Debug|Any CPU.ActiveCfg = Debug|x86
		{2CB04B8E-49D6-47F1-A47E-6DEA00229675}.Debug|Mixed Platforms.ActiveCfg = Debug|x86
		{2CB04B8E-49D6-47F1-A47E-6DEA00229675}.Debug|Windows Phone.ActiveCfg = Debug|x86
		{2CB04B8E-49D6-47F1-A47E-6DEA00229675}.Debug|x86.ActiveCfg = Debug|x86
		{2CB04B8E-49D6-47F1-A47E-6DEA00229675}.Debug|Xbox 360.ActiveCfg = Debug|x86
		{2CB04B8E-49D6-47F1-A47E-6DEA00229675}.Release|Any CPU.ActiveCfg = Release|x86
		{2CB04B8E-49D6-47F1-A47E-6DEA00229675}.Release|Mixed Platforms.ActiveCfg = Release|x86
		{2CB04B8E-49D6-47F1-A47E-6DEA00229675}.Release|Windows Phone.ActiveCfg = Release|x86
		{2CB04B8E-49D6-47F1-A47E-6DEA00229675}.Release|x86.ActiveCfg = Release|x86
		{2CB04B8E-49D6-47F1-A47E-6DEA00229675}.Release|Xbox 360.ActiveCfg = Release|x86
		{30E4DE64-17B4-41EE-B21F-D7AD2EF6BC39}.Debug|Any CPU.ActiveCfg = Debug|Windows Phone
		{30E4DE64-17B4-41EE-B21F-D7AD2EF6BC39}.Debug|Mixed Platforms.ActiveCfg = Debug|Windows Phone
		{30E4DE64-17B4-41EE-B21F-D7AD2EF6BC39}.Debug|Mixed Platforms.Build.0 = Debug|Windows Phone
		{30E4DE64-17B4-41EE-B21F-D7AD2EF6BC39}.Debug|Windows Phone.ActiveCfg = Debug|Windows Phone
		{30E4DE64-17B4-41EE-B21F-D7AD2EF6BC39}.Debug|Windows Phone.Build.0 = Debug|Windows Phone
		{30E4DE64-17B4-41EE-B21F-D7AD2EF6BC39}.Debug|Windows Phone.Deploy.0 = Debug|Windows Phone
		{30E4DE64-17B4-41EE-B21F-D7AD2EF6BC39}.Debug|x86.ActiveCfg = Debug|Windows Phone
		{30E4DE64-17B4-41EE-B21F-D7AD2EF6BC39}.Debug|Xbox 360.ActiveCfg = Debug|Windows Phone
		{30E4DE64-17B4-41EE-B21F-D7AD2EF6BC39}.Release|Any CPU.ActiveCfg = Release|Windows Phone
		{30E4DE64-17B4-41EE-B21F-D7AD2EF6BC39}.Release|Mixed Platforms.ActiveCfg = Release|Windows Phone
		{30E4DE64-17B4-41EE-B21F-D7AD2EF6BC39}.Release|Mixed Platforms.Build.0 = Release|Windows Phone
		{30E4DE64-17B4-41EE-B21F-D7AD2EF6BC39}.Release|Windows Phone.ActiveCfg = Release|Windows Phone
		{30E4DE64-17B4-41EE-B21F-D7AD2EF6BC39}.Release|Windows Phone.Build.0 = Release|Windows Phone
		{30E4DE64-17B4-41EE-B21F-D7AD2EF6BC39}.Release|Windows Phone.Deploy.0 = Release|Windows Phone
		{30E4DE64-17B4-41EE-B21F-D7AD2EF6BC39}.Release|x86.ActiveCfg = Release|Windows Phone
		{30E4DE64-17B4-41EE-B21F-D7AD2EF6BC39}.Release|Xbox 360.ActiveCfg = Release|Windows Phone
		{1C7CE49B-AAF9-486C-8EFF-D5A329CD841C}.Debug|Any CPU.ActiveCfg = Debug|Windows Phone
		{1C7CE49B-AAF9-486C-8EFF-D5A329CD841C}.Debug|Mixed Platforms.ActiveCfg = Debug|Windows Phone
		{1C7CE49B-AAF9-486C-8EFF-D5A329CD841C}.Debug|Windows Phone.ActiveCfg = Debug|Windows Phone
		{1C7CE49B-AAF9-486C-8EFF-D5A329CD841C}.Debug|x86.ActiveCfg = Debug|Windows Phone
		{1C7CE49B-AAF9-486C-8EFF-D5A329CD841C}.Debug|Xbox 360.ActiveCfg = Debug|Windows Phone
		{1C7CE49B-AAF9-486C-8EFF-D5A329CD841C}.Release|Any CPU.ActiveCfg = Release|Windows Phone
		{1C7CE49B-AAF9-486C-8EFF-D5A329CD841C}.Release|Mixed Platforms.ActiveCfg = Release|Windows Phone
		{1C7CE49B-AAF9-486C-8EFF-D5A329CD841C}.Release|Windows Phone.ActiveCfg = Release|Windows Phone
		{1C7CE49B-AAF9-486C-8EFF-D5A329CD841C}.Release|x86.ActiveCfg = Release|Windows Phone
		{1C7CE49B-AAF9-486C-8EFF-D5A329CD841C}.Release|Xbox 360.ActiveCfg = Release|Windows Phone
		{0BF3802A-C5F1-4C19-AD21-141F5C147ED2}.Debug|Any CPU.ActiveCfg = Debug|Any CPU
		{0BF3802A-C5F1-4C19-AD21-141F5C147ED2}.Debug|Any CPU.Build.0 = Debug|Any CPU
		{0BF3802A-C5F1-4C19-AD21-141F5C147ED2}.Debug|Mixed Platforms.ActiveCfg = Debug|Any CPU
		{0BF3802A-C5F1-4C19-AD21-141F5C147ED2}.Debug|Mixed Platforms.Build.0 = Debug|Any CPU
		{0BF3802A-C5F1-4C19-AD21-141F5C147ED2}.Debug|Windows Phone.ActiveCfg = Debug|Any CPU
		{0BF3802A-C5F1-4C19-AD21-141F5C147ED2}.Debug|x86.ActiveCfg = Debug|Any CPU
		{0BF3802A-C5F1-4C19-AD21-141F5C147ED2}.Debug|Xbox 360.ActiveCfg = Debug|Any CPU
		{0BF3802A-C5F1-4C19-AD21-141F5C147ED2}.Release|Any CPU.ActiveCfg = Release|Any CPU
		{0BF3802A-C5F1-4C19-AD21-141F5C147ED2}.Release|Any CPU.Build.0 = Release|Any CPU
		{0BF3802A-C5F1-4C19-AD21-141F5C147ED2}.Release|Mixed Platforms.ActiveCfg = Release|Any CPU
		{0BF3802A-C5F1-4C19-AD21-141F5C147ED2}.Release|Mixed Platforms.Build.0 = Release|Any CPU
		{0BF3802A-C5F1-4C19-AD21-141F5C147ED2}.Release|Windows Phone.ActiveCfg = Release|Any CPU
		{0BF3802A-C5F1-4C19-AD21-141F5C147ED2}.Release|x86.ActiveCfg = Release|Any CPU
		{0BF3802A-C5F1-4C19-AD21-141F5C147ED2}.Release|Xbox 360.ActiveCfg = Release|Any CPU
		{91483639-A771-413C-8DBD-A62E4748EF63}.Debug|Any CPU.ActiveCfg = Debug|Any CPU
		{91483639-A771-413C-8DBD-A62E4748EF63}.Debug|Any CPU.Build.0 = Debug|Any CPU
		{91483639-A771-413C-8DBD-A62E4748EF63}.Debug|Mixed Platforms.ActiveCfg = Debug|Any CPU
		{91483639-A771-413C-8DBD-A62E4748EF63}.Debug|Mixed Platforms.Build.0 = Debug|Any CPU
		{91483639-A771-413C-8DBD-A62E4748EF63}.Debug|Windows Phone.ActiveCfg = Debug|Any CPU
		{91483639-A771-413C-8DBD-A62E4748EF63}.Debug|x86.ActiveCfg = Debug|Any CPU
		{91483639-A771-413C-8DBD-A62E4748EF63}.Debug|Xbox 360.ActiveCfg = Debug|Any CPU
		{91483639-A771-413C-8DBD-A62E4748EF63}.Release|Any CPU.ActiveCfg = Release|Any CPU
		{91483639-A771-413C-8DBD-A62E4748EF63}.Release|Any CPU.Build.0 = Release|Any CPU
		{91483639-A771-413C-8DBD-A62E4748EF63}.Release|Mixed Platforms.ActiveCfg = Release|Any CPU
		{91483639-A771-413C-8DBD-A62E4748EF63}.Release|Mixed Platforms.Build.0 = Release|Any CPU
		{91483639-A771-413C-8DBD-A62E4748EF63}.Release|Windows Phone.ActiveCfg = Release|Any CPU
		{91483639-A771-413C-8DBD-A62E4748EF63}.Release|x86.ActiveCfg = Release|Any CPU
		{91483639-A771-413C-8DBD-A62E4748EF63}.Release|Xbox 360.ActiveCfg = Release|Any CPU
	EndGlobalSection
	GlobalSection(SolutionProperties) = preSolution
		HideSolutionNode = FALSE
	EndGlobalSection
	GlobalSection(ExtensibilityGlobals) = postSolution
		VisualSVNWorkingCopyRoot = .
	EndGlobalSection
	GlobalSection(SubversionScc) = preSolution
		Svn-Managed = True
		Manager = AnkhSVN - Subversion Support for Visual Studio
	EndGlobalSection
EndGlobal
