
Microsoft Visual Studio Solution File, Format Version 11.00
# Visual Studio 2010
Project("{FAE04EC0-301F-11D3-BF4B-00C04F79EFBC}") = "DPSFSplashScreenExample", "DPSFSplashScreenExample\DPSFSplashScreenExample.csproj", "{CB73EE9B-5477-47AA-A9B4-65A25146370A}"
EndProject
Project("{FAE04EC0-301F-11D3-BF4B-00C04F79EFBC}") = "DPSFSplashScreenExampleContent", "DPSFSplashScreenExample\Content\DPSFSplashScreenExampleContent.contentproj", "{6E7C6A5B-375B-4946-80DE-833C039FD6E6}"
EndProject
Global
	GlobalSection(SolutionConfigurationPlatforms) = preSolution
		Debug|x86 = Debug|x86
		Release|x86 = Release|x86
	EndGlobalSection
	GlobalSection(ProjectConfigurationPlatforms) = postSolution
		{CB73EE9B-5477-47AA-A9B4-65A25146370A}.Debug|x86.ActiveCfg = Debug|x86
		{CB73EE9B-5477-47AA-A9B4-65A25146370A}.Debug|x86.Build.0 = Debug|x86
		{CB73EE9B-5477-47AA-A9B4-65A25146370A}.Release|x86.ActiveCfg = Release|x86
		{CB73EE9B-5477-47AA-A9B4-65A25146370A}.Release|x86.Build.0 = Release|x86
		{6E7C6A5B-375B-4946-80DE-833C039FD6E6}.Debug|x86.ActiveCfg = Debug|x86
		{6E7C6A5B-375B-4946-80DE-833C039FD6E6}.Release|x86.ActiveCfg = Release|x86
	EndGlobalSection
	GlobalSection(SolutionProperties) = preSolution
		HideSolutionNode = FALSE
	EndGlobalSection
EndGlobal
