
Microsoft Visual Studio Solution File, Format Version 10.00
# Visual Studio 2008
Project("{FAE04EC0-301F-11D3-BF4B-00C04F79EFBC}") = "Demo", "Demo\Demo.csproj", "{4C63BFDC-76E2-4EC8-B25D-698662E3B6C6}"
EndProject
Global
	GlobalSection(SolutionConfigurationPlatforms) = preSolution
		Debug|x86 = Debug|x86
		Release|x86 = Release|x86
	EndGlobalSection
	GlobalSection(ProjectConfigurationPlatforms) = postSolution
		{4C63BFDC-76E2-4EC8-B25D-698662E3B6C6}.Debug|x86.ActiveCfg = Debug|x86
		{4C63BFDC-76E2-4EC8-B25D-698662E3B6C6}.Debug|x86.Build.0 = Debug|x86
		{4C63BFDC-76E2-4EC8-B25D-698662E3B6C6}.Release|x86.ActiveCfg = Release|x86
		{4C63BFDC-76E2-4EC8-B25D-698662E3B6C6}.Release|x86.Build.0 = Release|x86
		{145B56CD-813F-4548-9661-5889C9A46E72}.Debug|x86.ActiveCfg = Debug|x86
		{145B56CD-813F-4548-9661-5889C9A46E72}.Release|x86.ActiveCfg = Release|x86
	EndGlobalSection
	GlobalSection(SolutionProperties) = preSolution
		HideSolutionNode = FALSE
	EndGlobalSection
EndGlobal
